
Microsoft Visual Studio Solution File, Format Version 12.00
# Visual Studio Version 16
VisualStudioVersion = 16.0.30114.105
MinimumVisualStudioVersion = 10.0.40219.1
Project("{FAE04EC0-301F-11D3-BF4B-00C04F79EFBC}") = "CleanerLibrary", "CleanerLibrary\CleanerLibrary.csproj", "{8A9ED456-7D06-4474-B361-B4B2D047BE69}"
EndProject
Project("{FAE04EC0-301F-11D3-BF4B-00C04F79EFBC}") = "CleanerUsage", "CleanerUsage\CleanerUsage.csproj", "{26419619-6FAA-4DE1-9464-299E24B37A72}"
EndProject
Project("{FAE04EC0-301F-11D3-BF4B-00C04F79EFBC}") = "StatelessCleanerLibrary", "StatelessCleanerLibrary\StatelessCleanerLibrary.csproj", "{1D26E016-36AE-473B-B10C-1D1899F20F37}"
EndProject
Project("{FAE04EC0-301F-11D3-BF4B-00C04F79EFBC}") = "FunctionalDependencyInjection", "FunctionalDependencyInjection\FunctionalDependencyInjection.csproj", "{10B3F6C5-5A06-404B-B08C-6DE88948FCD1}"
EndProject
Global
	GlobalSection(SolutionConfigurationPlatforms) = preSolution
		Debug|Any CPU = Debug|Any CPU
		Debug|x64 = Debug|x64
		Debug|x86 = Debug|x86
		Release|Any CPU = Release|Any CPU
		Release|x64 = Release|x64
		Release|x86 = Release|x86
	EndGlobalSection
	GlobalSection(SolutionProperties) = preSolution
		HideSolutionNode = FALSE
	EndGlobalSection
	GlobalSection(ProjectConfigurationPlatforms) = postSolution
		{8A9ED456-7D06-4474-B361-B4B2D047BE69}.Debug|Any CPU.ActiveCfg = Debug|Any CPU
		{8A9ED456-7D06-4474-B361-B4B2D047BE69}.Debug|Any CPU.Build.0 = Debug|Any CPU
		{8A9ED456-7D06-4474-B361-B4B2D047BE69}.Debug|x64.ActiveCfg = Debug|Any CPU
		{8A9ED456-7D06-4474-B361-B4B2D047BE69}.Debug|x64.Build.0 = Debug|Any CPU
		{8A9ED456-7D06-4474-B361-B4B2D047BE69}.Debug|x86.ActiveCfg = Debug|Any CPU
		{8A9ED456-7D06-4474-B361-B4B2D047BE69}.Debug|x86.Build.0 = Debug|Any CPU
		{8A9ED456-7D06-4474-B361-B4B2D047BE69}.Release|Any CPU.ActiveCfg = Release|Any CPU
		{8A9ED456-7D06-4474-B361-B4B2D047BE69}.Release|Any CPU.Build.0 = Release|Any CPU
		{8A9ED456-7D06-4474-B361-B4B2D047BE69}.Release|x64.ActiveCfg = Release|Any CPU
		{8A9ED456-7D06-4474-B361-B4B2D047BE69}.Release|x64.Build.0 = Release|Any CPU
		{8A9ED456-7D06-4474-B361-B4B2D047BE69}.Release|x86.ActiveCfg = Release|Any CPU
		{8A9ED456-7D06-4474-B361-B4B2D047BE69}.Release|x86.Build.0 = Release|Any CPU
		{26419619-6FAA-4DE1-9464-299E24B37A72}.Debug|Any CPU.ActiveCfg = Debug|Any CPU
		{26419619-6FAA-4DE1-9464-299E24B37A72}.Debug|Any CPU.Build.0 = Debug|Any CPU
		{26419619-6FAA-4DE1-9464-299E24B37A72}.Debug|x64.ActiveCfg = Debug|Any CPU
		{26419619-6FAA-4DE1-9464-299E24B37A72}.Debug|x64.Build.0 = Debug|Any CPU
		{26419619-6FAA-4DE1-9464-299E24B37A72}.Debug|x86.ActiveCfg = Debug|Any CPU
		{26419619-6FAA-4DE1-9464-299E24B37A72}.Debug|x86.Build.0 = Debug|Any CPU
		{26419619-6FAA-4DE1-9464-299E24B37A72}.Release|Any CPU.ActiveCfg = Release|Any CPU
		{26419619-6FAA-4DE1-9464-299E24B37A72}.Release|Any CPU.Build.0 = Release|Any CPU
		{26419619-6FAA-4DE1-9464-299E24B37A72}.Release|x64.ActiveCfg = Release|Any CPU
		{26419619-6FAA-4DE1-9464-299E24B37A72}.Release|x64.Build.0 = Release|Any CPU
		{26419619-6FAA-4DE1-9464-299E24B37A72}.Release|x86.ActiveCfg = Release|Any CPU
		{26419619-6FAA-4DE1-9464-299E24B37A72}.Release|x86.Build.0 = Release|Any CPU
		{1D26E016-36AE-473B-B10C-1D1899F20F37}.Debug|Any CPU.ActiveCfg = Debug|Any CPU
		{1D26E016-36AE-473B-B10C-1D1899F20F37}.Debug|Any CPU.Build.0 = Debug|Any CPU
		{1D26E016-36AE-473B-B10C-1D1899F20F37}.Debug|x64.ActiveCfg = Debug|Any CPU
		{1D26E016-36AE-473B-B10C-1D1899F20F37}.Debug|x64.Build.0 = Debug|Any CPU
		{1D26E016-36AE-473B-B10C-1D1899F20F37}.Debug|x86.ActiveCfg = Debug|Any CPU
		{1D26E016-36AE-473B-B10C-1D1899F20F37}.Debug|x86.Build.0 = Debug|Any CPU
		{1D26E016-36AE-473B-B10C-1D1899F20F37}.Release|Any CPU.ActiveCfg = Release|Any CPU
		{1D26E016-36AE-473B-B10C-1D1899F20F37}.Release|Any CPU.Build.0 = Release|Any CPU
		{1D26E016-36AE-473B-B10C-1D1899F20F37}.Release|x64.ActiveCfg = Release|Any CPU
		{1D26E016-36AE-473B-B10C-1D1899F20F37}.Release|x64.Build.0 = Release|Any CPU
		{1D26E016-36AE-473B-B10C-1D1899F20F37}.Release|x86.ActiveCfg = Release|Any CPU
		{1D26E016-36AE-473B-B10C-1D1899F20F37}.Release|x86.Build.0 = Release|Any CPU
		{10B3F6C5-5A06-404B-B08C-6DE88948FCD1}.Debug|Any CPU.ActiveCfg = Debug|Any CPU
		{10B3F6C5-5A06-404B-B08C-6DE88948FCD1}.Debug|Any CPU.Build.0 = Debug|Any CPU
		{10B3F6C5-5A06-404B-B08C-6DE88948FCD1}.Debug|x64.ActiveCfg = Debug|Any CPU
		{10B3F6C5-5A06-404B-B08C-6DE88948FCD1}.Debug|x64.Build.0 = Debug|Any CPU
		{10B3F6C5-5A06-404B-B08C-6DE88948FCD1}.Debug|x86.ActiveCfg = Debug|Any CPU
		{10B3F6C5-5A06-404B-B08C-6DE88948FCD1}.Debug|x86.Build.0 = Debug|Any CPU
		{10B3F6C5-5A06-404B-B08C-6DE88948FCD1}.Release|Any CPU.ActiveCfg = Release|Any CPU
		{10B3F6C5-5A06-404B-B08C-6DE88948FCD1}.Release|Any CPU.Build.0 = Release|Any CPU
		{10B3F6C5-5A06-404B-B08C-6DE88948FCD1}.Release|x64.ActiveCfg = Release|Any CPU
		{10B3F6C5-5A06-404B-B08C-6DE88948FCD1}.Release|x64.Build.0 = Release|Any CPU
		{10B3F6C5-5A06-404B-B08C-6DE88948FCD1}.Release|x86.ActiveCfg = Release|Any CPU
		{10B3F6C5-5A06-404B-B08C-6DE88948FCD1}.Release|x86.Build.0 = Release|Any CPU
	EndGlobalSection
EndGlobal
